
Microsoft Visual Studio Solution File, Format Version 12.00
# Visual Studio Version 16
VisualStudioVersion = 16.0.29609.76
MinimumVisualStudioVersion = 10.0.40219.1
Project("{FAE04EC0-301F-11D3-BF4B-00C04F79EFBC}") = "Blog.Core", "Blog.Core\Blog.Core.csproj", "{792B7336-42D2-4073-8721-F20BB8A26B4A}"
EndProject
Project("{FAE04EC0-301F-11D3-BF4B-00C04F79EFBC}") = "Blog.Core.Model", "Blog.Core.Model\Blog.Core.Model.csproj", "{7A1A55CE-3257-4A66-91C5-F6504D5C1D16}"
EndProject
Global
	GlobalSection(SolutionConfigurationPlatforms) = preSolution
		Debug|Any CPU = Debug|Any CPU
		Release|Any CPU = Release|Any CPU
	EndGlobalSection
	GlobalSection(ProjectConfigurationPlatforms) = postSolution
		{792B7336-42D2-4073-8721-F20BB8A26B4A}.Debug|Any CPU.ActiveCfg = Debug|Any CPU
		{792B7336-42D2-4073-8721-F20BB8A26B4A}.Debug|Any CPU.Build.0 = Debug|Any CPU
		{792B7336-42D2-4073-8721-F20BB8A26B4A}.Release|Any CPU.ActiveCfg = Release|Any CPU
		{792B7336-42D2-4073-8721-F20BB8A26B4A}.Release|Any CPU.Build.0 = Release|Any CPU
		{7A1A55CE-3257-4A66-91C5-F6504D5C1D16}.Debug|Any CPU.ActiveCfg = Debug|Any CPU
		{7A1A55CE-3257-4A66-91C5-F6504D5C1D16}.Debug|Any CPU.Build.0 = Debug|Any CPU
		{7A1A55CE-3257-4A66-91C5-F6504D5C1D16}.Release|Any CPU.ActiveCfg = Release|Any CPU
		{7A1A55CE-3257-4A66-91C5-F6504D5C1D16}.Release|Any CPU.Build.0 = Release|Any CPU
	EndGlobalSection
	GlobalSection(SolutionProperties) = preSolution
		HideSolutionNode = FALSE
	EndGlobalSection
	GlobalSection(ExtensibilityGlobals) = postSolution
		SolutionGuid = {7652686E-5446-404F-A622-36B4B8B75A1E}
	EndGlobalSection
EndGlobal
